
Microsoft Visual Studio Solution File, Format Version 12.00
# Visual Studio Version 17
VisualStudioVersion = 17.10.35004.147
MinimumVisualStudioVersion = 10.0.40219.1
Project("{FAE04EC0-301F-11D3-BF4B-00C04F79EFBC}") = "Csharp_DZ_2_Dedok", "Csharp_DZ_2_Dedok.csproj", "{FD6F3EF5-84B7-4F53-8437-B1E235A9C3BE}"
EndProject
Global
	GlobalSection(SolutionConfigurationPlatforms) = preSolution
		Debug|Any CPU = Debug|Any CPU
		Release|Any CPU = Release|Any CPU
	EndGlobalSection
	GlobalSection(ProjectConfigurationPlatforms) = postSolution
		{FD6F3EF5-84B7-4F53-8437-B1E235A9C3BE}.Debug|Any CPU.ActiveCfg = Debug|Any CPU
		{FD6F3EF5-84B7-4F53-8437-B1E235A9C3BE}.Debug|Any CPU.Build.0 = Debug|Any CPU
		{FD6F3EF5-84B7-4F53-8437-B1E235A9C3BE}.Release|Any CPU.ActiveCfg = Release|Any CPU
		{FD6F3EF5-84B7-4F53-8437-B1E235A9C3BE}.Release|Any CPU.Build.0 = Release|Any CPU
	EndGlobalSection
	GlobalSection(SolutionProperties) = preSolution
		HideSolutionNode = FALSE
	EndGlobalSection
	GlobalSection(ExtensibilityGlobals) = postSolution
		SolutionGuid = {5AD02705-F03C-4E60-A320-71BF1454A73F}
	EndGlobalSection
EndGlobal
